# bantay.aide.lock
# Auto-generated. Do not edit manually.
# Generated: 2026-03-21T06:53:06.033Z

entities:
  bantay_cli: 40c228db
  con_bin_field: 4d0eef2b
  con_bun_runtime: 49175926
  con_checker_interface: 1ac7b8fd
  con_checker_registry: 6b298813
  con_invariants_md_is_truth: 47877d6b
  con_json_audit_output: 7286bda3
  con_no_inline_shell: 0dce8b55
  con_prompts_as_files: 6716a3a2
  con_section_markers: 4886de9b
  con_stack_detection_plugins: 30c073fe
  con_static_analysis_only: 5d63d448
  con_three_tier_checkers: 0f14e65e
  constraints: 7fdc499f
  cuj_aide: 77512f4d
  cuj_check: 7a10da07
  cuj_checkers: 072d1c3c
  cuj_ci: 6f639b53
  cuj_export: 5c436567
  cuj_init: 770a755a
  cuj_orchestrate: 0f1088f0
  cuj_tasks: 68f341d8
  cujs: 6dd382da
  found_accumulates: 70afe3fb
  found_deterministic: 55b7d600
  found_dogfood: 46a9c37c
  found_not_advice: 767735bd
  found_offline: 2e91a161
  found_one_file: 745e4581
  found_same_interface: 1b198dc4
  foundations: 61b8c932
  inv_bun_available: 15ff125e
  inv_check_speed: 5e9f58a6
  inv_checker_interface_uniform: 4aeb9d69
  inv_checker_sandboxed: 38855215
  inv_ci_output_parseable: 5ad08564
  inv_cli_invocable: 69f51b7d
  inv_diff_subset: 041e295d
  inv_exit_code: 03f7c404
  inv_export_all_success: 2c15aef6
  inv_export_idempotent: 7bca4b8f
  inv_init_no_overwrite: 4363bad4
  inv_no_clobber: 5bdcc536
  inv_no_code_execution: 298a7a56
  inv_no_false_negatives: 37441005
  inv_no_inline_shell: 261b8229
  inv_no_network: 2ef2eec3
  inv_no_source_modification: 23376c16
  inv_plan_validated: 24b9b744
  inv_stable_ids: 71049810
  invariants: 27615c59
  sc_aide_diff: 31242108
  sc_aide_discovery: 3668c60f
  sc_aide_init: 44c8677d
  sc_check_diff: 1b3bfd5d
  sc_check_full: 0c8eb03e
  sc_check_no_execution: 5e0def01
  sc_check_no_invariants: 32064486
  sc_check_single: 52f52f62
  sc_check_speed: 48d0cfd4
  sc_check_unparseable_invariant: 6e5adace
  sc_checker_builtin: 2912859f
  sc_checker_community: 00087071
  sc_checker_interface: 51cc54cc
  sc_checker_missing: 66281c3c
  sc_checker_project: 6f2c8748
  sc_checker_sandboxed: 06165fde
  sc_ci_audit_output: 45ac14ea
  sc_ci_existing_workflow: 56614f81
  sc_ci_generic: 41e9e290
  sc_ci_github: 01821dd6
  sc_ci_gitlab: 7c40b2c0
  sc_diff_classified: 659a7870
  sc_export_claude: 68ea5984
  sc_export_codex: 7121ff43
  sc_export_cursor: 1768a732
  sc_export_idempotent: 15a866e9
  sc_export_no_clobber: 59a23a2e
  sc_init_already_initialized: 07e41832
  sc_init_binary: 48928fe5
  sc_init_detect_stack: 2d1ece62
  sc_init_generate_config: 6f4b80f1
  sc_init_generate_invariants: 71cf2776
  sc_init_no_project: 247d51b9
  sc_init_prerequisites: 4fe816e2
  sc_init_speed: 1de396b0
  sc_orchestrate_plan: 0d9a1054
  sc_orchestrate_spawn: 3f36aa44
  sc_orchestrate_validate_plan: 052156b0
  sc_tasks_all: 6ca85866
  sc_tasks_diff: 601d4270
  sc_tasks_entity_level: 635169f8
  sc_tasks_output: 06fcfa94
  sc_tasks_phases: 7f46468a
  wis_1: 5ebe435b
  wis_agent_context_is_free: 7acd91af
  wis_agent_team_limits: 76873f2c
  wis_aide_naming: 6373e31f
  wis_bun_distribution: 13c54e6b
  wis_ci_is_wedge: 45047669
  wis_cli_binary: 7494e45f
  wis_complete_interview: 77838dfc
  wis_dogfood_checker_package: 414a0d9f
  wis_false_negatives_kill_trust: 7d4188bd
  wis_implicit_prerequisites: 231365e6
  wis_invariant_to_aide: 0980ba31
  wis_no_inline_shell: 27225ff6
  wis_not_another_linter: 2630a6a0
  wis_plan_danger: 7d937b06
  wis_registry_is_moat: 1abbe92f
  wis_spec_kit_completes: 59f0fdf0
  wis_start_structural: 73e414cf
  wisdom: 0d9fe2cb

relationships:
  - sc_init_prerequisites:inv_bun_available:protected_by: 27c59236
  - sc_init_binary:inv_cli_invocable:protected_by: 4f9dd40f
  - sc_check_full:inv_no_false_negatives:protected_by: 4ad258cd
  - sc_check_full:inv_exit_code:protected_by: 5ca827c5
  - sc_check_diff:inv_diff_subset:protected_by: 3ae73273
  - sc_check_diff:inv_check_speed:protected_by: 34efa4a7
  - sc_check_no_execution:inv_no_code_execution:protected_by: 3d28653a
  - sc_checker_sandboxed:inv_checker_sandboxed:protected_by: 0b748d61
  - sc_checker_interface:inv_checker_interface_uniform:protected_by: 049b33d4
  - sc_export_idempotent:inv_export_idempotent:protected_by: 32ad8f9f
  - sc_export_no_clobber:inv_no_clobber:protected_by: 7afa456e
  - sc_init_already_initialized:inv_init_no_overwrite:protected_by: 66b31591
  - sc_ci_audit_output:inv_ci_output_parseable:protected_by: 2b996ac9
  - sc_init_detect_stack:inv_no_network:protected_by: 21dd2198
  - sc_check_full:inv_no_source_modification:protected_by: 7ce5e371
  - cuj_check:cuj_init:depends_on: 12152d4d
  - cuj_check:cuj_checkers:depends_on: 777ec8c1
  - cuj_ci:cuj_check:depends_on: 2af24d7f
  - cuj_export:cuj_init:depends_on: 5e48dde1
  - con_bun_runtime:inv_bun_available:implements: 6ac99cb3
  - con_bin_field:inv_cli_invocable:implements: 46f2e300
  - con_static_analysis_only:inv_no_code_execution:implements: 3903b43c
  - con_three_tier_checkers:inv_checker_sandboxed:implements: 62c17edc
  - con_checker_interface:inv_checker_interface_uniform:implements: 25fa15e9
  - con_no_inline_shell:inv_no_inline_shell:implements: 127217be
  - con_no_inline_shell:inv_no_code_execution:implements: 6c7c3242
  - con_invariants_md_is_truth:inv_no_false_negatives:implements: 55aae3e2
  - con_section_markers:inv_no_clobber:implements: 3012b574
  - con_section_markers:inv_export_idempotent:implements: 1c32b559
  - con_json_audit_output:inv_ci_output_parseable:implements: 459b886e
  - con_bun_runtime:inv_check_speed:implements: 09947482
  - cuj_tasks:cuj_aide:depends_on: 31e7b532
  - cuj_orchestrate:cuj_tasks:depends_on: 27e0f78f
  - sc_orchestrate_validate_plan:inv_plan_validated:protected_by: 359f1dba
  - sc_orchestrate_plan:inv_plan_validated:protected_by: 138b1a15
